// !$*UTF8*$!
{
	archiveVersion = 1;
	classes = {
	};
	objectVersion = 50;
	objects = {

/* Begin PBXBuildFile section */
		5E086DCA2051DDAE004D8D25 /* LiveView.storyboard in Resources */ = {isa = PBXBuildFile; fileRef = 5E086DCC2051DDAE004D8D25 /* LiveView.storyboard */; };
		5E086DD32051E3A3004D8D25 /* Manifest.plist in Copy Book Contents */ = {isa = PBXBuildFile; fileRef = 5E086DCF2051DF0F004D8D25 /* Manifest.plist */; };
		5E3196F32061DEA40077BBD7 /* LiveViewSupport.swift in Sources */ = {isa = PBXBuildFile; fileRef = 5E3196F22061DEA40077BBD7 /* LiveViewSupport.swift */; };
		5EA2E3C02056F35A00416A35 /* AppDelegate.swift in Sources */ = {isa = PBXBuildFile; fileRef = 5EA2E3BF2056F35A00416A35 /* AppDelegate.swift */; };
		5EA2E3CA2056F35B00416A35 /* LiveViewTestAppLaunchScreen.storyboard in Resources */ = {isa = PBXBuildFile; fileRef = 5EA2E3C82056F35B00416A35 /* LiveViewTestAppLaunchScreen.storyboard */; };
		5EA2E3D42056F36800416A35 /* libBook_Sources.a in Frameworks */ = {isa = PBXBuildFile; fileRef = 5EF2F9AB2054BBF300191409 /* libBook_Sources.a */; };
		5EA2E3DA2056F8D100416A35 /* PlaygroundBluetooth.framework in Embed Frameworks */ = {isa = PBXBuildFile; fileRef = 5EA2E3D82056F88700416A35 /* PlaygroundBluetooth.framework */; settings = {ATTRIBUTES = (CodeSignOnCopy, RemoveHeadersOnCopy, ); }; };
		5EA2E3DB2056F8D100416A35 /* PlaygroundSupport.framework in Embed Frameworks */ = {isa = PBXBuildFile; fileRef = 5EA2E3D72056F88700416A35 /* PlaygroundSupport.framework */; settings = {ATTRIBUTES = (CodeSignOnCopy, RemoveHeadersOnCopy, ); }; };
		5EBEC2F0205B399300975D3F /* LiveViewHost.framework in Embed Frameworks */ = {isa = PBXBuildFile; fileRef = 5EBEC2EF205B396500975D3F /* LiveViewHost.framework */; settings = {ATTRIBUTES = (CodeSignOnCopy, RemoveHeadersOnCopy, ); }; };
		5EF2F97C2054B6E400191409 /* ManifestPlist.strings in Resources */ = {isa = PBXBuildFile; fileRef = 5EF2F97E2054B6E400191409 /* ManifestPlist.strings */; };
		5EF2F9AE2054BBF300191409 /* LiveViewController.swift in Sources */ = {isa = PBXBuildFile; fileRef = 5EF2F9AD2054BBF300191409 /* LiveViewController.swift */; };
		5EF2F9B72054E6FB00191409 /* Chapters in Copy Book Contents */ = {isa = PBXBuildFile; fileRef = 5EF2F9B62054E6F900191409 /* Chapters */; };
		5EF2F9B82054E6FE00191409 /* Sources in Copy Book Contents */ = {isa = PBXBuildFile; fileRef = 5EF2F9A52054BBB200191409 /* Sources */; };
		F23850C3223FC92800DF486D /* TestScene.swift in Sources */ = {isa = PBXBuildFile; fileRef = F23850C2223FC92800DF486D /* TestScene.swift */; };
		F23850D2223FDE6300DF486D /* Shark.swift in Sources */ = {isa = PBXBuildFile; fileRef = F23850D1223FDE6300DF486D /* Shark.swift */; };
		F23850D3223FDE6300DF486D /* Shark.swift in Sources */ = {isa = PBXBuildFile; fileRef = F23850D1223FDE6300DF486D /* Shark.swift */; };
		F23850D5223FDEAE00DF486D /* VisualComponent.swift in Sources */ = {isa = PBXBuildFile; fileRef = F23850D4223FDEAE00DF486D /* VisualComponent.swift */; };
		F23850D6223FE04400DF486D /* VisualComponent.swift in Sources */ = {isa = PBXBuildFile; fileRef = F23850D4223FDEAE00DF486D /* VisualComponent.swift */; };
		F23850D9223FE30C00DF486D /* MoveComponent.swift in Sources */ = {isa = PBXBuildFile; fileRef = F23850D8223FE30C00DF486D /* MoveComponent.swift */; };
		F23850DA223FE31300DF486D /* MoveComponent.swift in Sources */ = {isa = PBXBuildFile; fileRef = F23850D8223FE30C00DF486D /* MoveComponent.swift */; };
		F23850DC223FE93E00DF486D /* FishComponent.swift in Sources */ = {isa = PBXBuildFile; fileRef = F23850DB223FE93E00DF486D /* FishComponent.swift */; };
		F23850DD223FE93E00DF486D /* FishComponent.swift in Sources */ = {isa = PBXBuildFile; fileRef = F23850DB223FE93E00DF486D /* FishComponent.swift */; };
		F23850DF22402CBD00DF486D /* EntityManager.swift in Sources */ = {isa = PBXBuildFile; fileRef = F23850DE22402CBD00DF486D /* EntityManager.swift */; };
		F23850E5224135D700DF486D /* Fish.swift in Sources */ = {isa = PBXBuildFile; fileRef = F23850E4224135D700DF486D /* Fish.swift */; };
		F23850E62241374C00DF486D /* Fish.swift in Sources */ = {isa = PBXBuildFile; fileRef = F23850E4224135D700DF486D /* Fish.swift */; };
		F23850E82242604E00DF486D /* ocean.png in Resources */ = {isa = PBXBuildFile; fileRef = F23850E72242604E00DF486D /* ocean.png */; };
		F23850E92242604E00DF486D /* ocean.png in Resources */ = {isa = PBXBuildFile; fileRef = F23850E72242604E00DF486D /* ocean.png */; };
		F23851252242838C00DF486D /* azul_nadando_3.png in Resources */ = {isa = PBXBuildFile; fileRef = F23851162242838B00DF486D /* azul_nadando_3.png */; };
		F23851262242838C00DF486D /* azul_nadando_3.png in Resources */ = {isa = PBXBuildFile; fileRef = F23851162242838B00DF486D /* azul_nadando_3.png */; };
		F23851272242838C00DF486D /* palhaco_nadando_5.png in Resources */ = {isa = PBXBuildFile; fileRef = F23851172242838B00DF486D /* palhaco_nadando_5.png */; };
		F23851282242838C00DF486D /* palhaco_nadando_5.png in Resources */ = {isa = PBXBuildFile; fileRef = F23851172242838B00DF486D /* palhaco_nadando_5.png */; };
		F23851292242838C00DF486D /* carpa_nadando_3.png in Resources */ = {isa = PBXBuildFile; fileRef = F23851182242838B00DF486D /* carpa_nadando_3.png */; };
		F238512A2242838C00DF486D /* carpa_nadando_3.png in Resources */ = {isa = PBXBuildFile; fileRef = F23851182242838B00DF486D /* carpa_nadando_3.png */; };
		F238512B2242838C00DF486D /* azul_nadando_5.png in Resources */ = {isa = PBXBuildFile; fileRef = F23851192242838B00DF486D /* azul_nadando_5.png */; };
		F238512C2242838C00DF486D /* azul_nadando_5.png in Resources */ = {isa = PBXBuildFile; fileRef = F23851192242838B00DF486D /* azul_nadando_5.png */; };
		F238512D2242838C00DF486D /* azul_nadando_2.png in Resources */ = {isa = PBXBuildFile; fileRef = F238511A2242838B00DF486D /* azul_nadando_2.png */; };
		F238512E2242838C00DF486D /* azul_nadando_2.png in Resources */ = {isa = PBXBuildFile; fileRef = F238511A2242838B00DF486D /* azul_nadando_2.png */; };
		F238512F2242838C00DF486D /* carpa_nadando_5.png in Resources */ = {isa = PBXBuildFile; fileRef = F238511B2242838B00DF486D /* carpa_nadando_5.png */; };
		F23851302242838C00DF486D /* carpa_nadando_5.png in Resources */ = {isa = PBXBuildFile; fileRef = F238511B2242838B00DF486D /* carpa_nadando_5.png */; };
		F23851312242838C00DF486D /* palhaco_nadando_2.png in Resources */ = {isa = PBXBuildFile; fileRef = F238511C2242838B00DF486D /* palhaco_nadando_2.png */; };
		F23851322242838C00DF486D /* palhaco_nadando_2.png in Resources */ = {isa = PBXBuildFile; fileRef = F238511C2242838B00DF486D /* palhaco_nadando_2.png */; };
		F23851332242838C00DF486D /* carpa_nadando_1.png in Resources */ = {isa = PBXBuildFile; fileRef = F238511D2242838B00DF486D /* carpa_nadando_1.png */; };
		F23851342242838C00DF486D /* carpa_nadando_1.png in Resources */ = {isa = PBXBuildFile; fileRef = F238511D2242838B00DF486D /* carpa_nadando_1.png */; };
		F23851352242838C00DF486D /* carpa_nadando_4.png in Resources */ = {isa = PBXBuildFile; fileRef = F238511E2242838B00DF486D /* carpa_nadando_4.png */; };
		F23851362242838C00DF486D /* carpa_nadando_4.png in Resources */ = {isa = PBXBuildFile; fileRef = F238511E2242838B00DF486D /* carpa_nadando_4.png */; };
		F23851372242838C00DF486D /* palhaco_nadando_3.png in Resources */ = {isa = PBXBuildFile; fileRef = F238511F2242838C00DF486D /* palhaco_nadando_3.png */; };
		F23851382242838C00DF486D /* palhaco_nadando_3.png in Resources */ = {isa = PBXBuildFile; fileRef = F238511F2242838C00DF486D /* palhaco_nadando_3.png */; };
		F23851392242838C00DF486D /* palhaco_nadando_1.png in Resources */ = {isa = PBXBuildFile; fileRef = F23851202242838C00DF486D /* palhaco_nadando_1.png */; };
		F238513A2242838C00DF486D /* palhaco_nadando_1.png in Resources */ = {isa = PBXBuildFile; fileRef = F23851202242838C00DF486D /* palhaco_nadando_1.png */; };
		F238513B2242838C00DF486D /* azul_nadando_4.png in Resources */ = {isa = PBXBuildFile; fileRef = F23851212242838C00DF486D /* azul_nadando_4.png */; };
		F238513C2242838C00DF486D /* azul_nadando_4.png in Resources */ = {isa = PBXBuildFile; fileRef = F23851212242838C00DF486D /* azul_nadando_4.png */; };
		F238513D2242838C00DF486D /* palhaco_nadando_4.png in Resources */ = {isa = PBXBuildFile; fileRef = F23851222242838C00DF486D /* palhaco_nadando_4.png */; };
		F238513E2242838C00DF486D /* palhaco_nadando_4.png in Resources */ = {isa = PBXBuildFile; fileRef = F23851222242838C00DF486D /* palhaco_nadando_4.png */; };
		F238513F2242838C00DF486D /* carpa_nadando_2.png in Resources */ = {isa = PBXBuildFile; fileRef = F23851232242838C00DF486D /* carpa_nadando_2.png */; };
		F23851402242838C00DF486D /* carpa_nadando_2.png in Resources */ = {isa = PBXBuildFile; fileRef = F23851232242838C00DF486D /* carpa_nadando_2.png */; };
		F23851412242838C00DF486D /* azul_nadando_1.png in Resources */ = {isa = PBXBuildFile; fileRef = F23851242242838C00DF486D /* azul_nadando_1.png */; };
		F23851422242838C00DF486D /* azul_nadando_1.png in Resources */ = {isa = PBXBuildFile; fileRef = F23851242242838C00DF486D /* azul_nadando_1.png */; };
		F238514A22466DDD00DF486D /* me_2.png in Resources */ = {isa = PBXBuildFile; fileRef = F238514922466DDD00DF486D /* me_2.png */; };
		F238514B22466DDD00DF486D /* me_2.png in Resources */ = {isa = PBXBuildFile; fileRef = F238514922466DDD00DF486D /* me_2.png */; };
		F23851532246725100DF486D /* tubarao_nadando_1.png in Resources */ = {isa = PBXBuildFile; fileRef = F238514C2246725000DF486D /* tubarao_nadando_1.png */; };
		F23851542246725100DF486D /* tubarao_nadando_1.png in Resources */ = {isa = PBXBuildFile; fileRef = F238514C2246725000DF486D /* tubarao_nadando_1.png */; };
		F23851552246725100DF486D /* tubarao_nadando_4.png in Resources */ = {isa = PBXBuildFile; fileRef = F238514D2246725000DF486D /* tubarao_nadando_4.png */; };
		F23851562246725100DF486D /* tubarao_nadando_4.png in Resources */ = {isa = PBXBuildFile; fileRef = F238514D2246725000DF486D /* tubarao_nadando_4.png */; };
		F23851572246725100DF486D /* tubarao_nadando_6.png in Resources */ = {isa = PBXBuildFile; fileRef = F238514E2246725000DF486D /* tubarao_nadando_6.png */; };
		F23851582246725100DF486D /* tubarao_nadando_6.png in Resources */ = {isa = PBXBuildFile; fileRef = F238514E2246725000DF486D /* tubarao_nadando_6.png */; };
		F23851592246725100DF486D /* tubarao_nadando_2.png in Resources */ = {isa = PBXBuildFile; fileRef = F238514F2246725000DF486D /* tubarao_nadando_2.png */; };
		F238515A2246725100DF486D /* tubarao_nadando_2.png in Resources */ = {isa = PBXBuildFile; fileRef = F238514F2246725000DF486D /* tubarao_nadando_2.png */; };
		F238515B2246725100DF486D /* tubarao_nadando_7.png in Resources */ = {isa = PBXBuildFile; fileRef = F23851502246725100DF486D /* tubarao_nadando_7.png */; };
		F238515C2246725100DF486D /* tubarao_nadando_7.png in Resources */ = {isa = PBXBuildFile; fileRef = F23851502246725100DF486D /* tubarao_nadando_7.png */; };
		F238515D2246725100DF486D /* tubarao_nadando_3.png in Resources */ = {isa = PBXBuildFile; fileRef = F23851512246725100DF486D /* tubarao_nadando_3.png */; };
		F238515E2246725100DF486D /* tubarao_nadando_3.png in Resources */ = {isa = PBXBuildFile; fileRef = F23851512246725100DF486D /* tubarao_nadando_3.png */; };
		F238515F2246725100DF486D /* tubarao_nadando_5.png in Resources */ = {isa = PBXBuildFile; fileRef = F23851522246725100DF486D /* tubarao_nadando_5.png */; };
		F23851602246725100DF486D /* tubarao_nadando_5.png in Resources */ = {isa = PBXBuildFile; fileRef = F23851522246725100DF486D /* tubarao_nadando_5.png */; };
		F23851682246732900DF486D /* tubarao_lanchando_1.png in Resources */ = {isa = PBXBuildFile; fileRef = F23851612246732900DF486D /* tubarao_lanchando_1.png */; };
		F23851692246732900DF486D /* tubarao_lanchando_1.png in Resources */ = {isa = PBXBuildFile; fileRef = F23851612246732900DF486D /* tubarao_lanchando_1.png */; };
		F23851702246732900DF486D /* tubarao_lanchando_3.png in Resources */ = {isa = PBXBuildFile; fileRef = F23851652246732900DF486D /* tubarao_lanchando_3.png */; };
		F23851712246732900DF486D /* tubarao_lanchando_3.png in Resources */ = {isa = PBXBuildFile; fileRef = F23851652246732900DF486D /* tubarao_lanchando_3.png */; };
		F23851722246732900DF486D /* tubarao_lanchando_4.png in Resources */ = {isa = PBXBuildFile; fileRef = F23851662246732900DF486D /* tubarao_lanchando_4.png */; };
		F23851732246732900DF486D /* tubarao_lanchando_4.png in Resources */ = {isa = PBXBuildFile; fileRef = F23851662246732900DF486D /* tubarao_lanchando_4.png */; };
		F238517722467AFC00DF486D /* logo.png in Resources */ = {isa = PBXBuildFile; fileRef = F238517622467AFC00DF486D /* logo.png */; };
		F238517822467AFC00DF486D /* logo.png in Resources */ = {isa = PBXBuildFile; fileRef = F238517622467AFC00DF486D /* logo.png */; };
		F238517A22467C7500DF486D /* tubarao_lanchando_2.png in Resources */ = {isa = PBXBuildFile; fileRef = F238517922467C7500DF486D /* tubarao_lanchando_2.png */; };
		F238517B22467C7500DF486D /* tubarao_lanchando_2.png in Resources */ = {isa = PBXBuildFile; fileRef = F238517922467C7500DF486D /* tubarao_lanchando_2.png */; };
		F238518222467FC400DF486D /* trompa_2.png in Resources */ = {isa = PBXBuildFile; fileRef = F238517D22467FC400DF486D /* trompa_2.png */; };
		F238518322467FC400DF486D /* trompa_2.png in Resources */ = {isa = PBXBuildFile; fileRef = F238517D22467FC400DF486D /* trompa_2.png */; };
		F238518422467FC400DF486D /* trompa_5.png in Resources */ = {isa = PBXBuildFile; fileRef = F238517E22467FC400DF486D /* trompa_5.png */; };
		F238518522467FC400DF486D /* trompa_5.png in Resources */ = {isa = PBXBuildFile; fileRef = F238517E22467FC400DF486D /* trompa_5.png */; };
		F238518622467FC400DF486D /* trompa_1.png in Resources */ = {isa = PBXBuildFile; fileRef = F238517F22467FC400DF486D /* trompa_1.png */; };
		F238518722467FC400DF486D /* trompa_1.png in Resources */ = {isa = PBXBuildFile; fileRef = F238517F22467FC400DF486D /* trompa_1.png */; };
		F238518822467FC400DF486D /* trompa_3.png in Resources */ = {isa = PBXBuildFile; fileRef = F238518022467FC400DF486D /* trompa_3.png */; };
		F238518922467FC400DF486D /* trompa_3.png in Resources */ = {isa = PBXBuildFile; fileRef = F238518022467FC400DF486D /* trompa_3.png */; };
		F238518A22467FC400DF486D /* trompa_4.png in Resources */ = {isa = PBXBuildFile; fileRef = F238518122467FC400DF486D /* trompa_4.png */; };
		F238518B22467FC400DF486D /* trompa_4.png in Resources */ = {isa = PBXBuildFile; fileRef = F238518122467FC400DF486D /* trompa_4.png */; };
		F238518D2246807100DF486D /* pseudo_odor.png in Resources */ = {isa = PBXBuildFile; fileRef = F238518C2246807100DF486D /* pseudo_odor.png */; };
		F238518E2246807100DF486D /* pseudo_odor.png in Resources */ = {isa = PBXBuildFile; fileRef = F238518C2246807100DF486D /* pseudo_odor.png */; };
		F238518F2246C8FB00DF486D /* TestScene.swift in Sources */ = {isa = PBXBuildFile; fileRef = F23850C2223FC92800DF486D /* TestScene.swift */; };
		F23851902246CAAA00DF486D /* EntityManager.swift in Sources */ = {isa = PBXBuildFile; fileRef = F23850DE22402CBD00DF486D /* EntityManager.swift */; };
/* End PBXBuildFile section */

/* Begin PBXBuildRule section */
		5E086DD42051E415004D8D25 /* PBXBuildRule */ = {
			isa = PBXBuildRule;
			compilerSpec = com.apple.compilers.proxy.script;
			filePatterns = "*/Manifest.plist";
			fileType = pattern.proxy;
			isEditable = 1;
			outputFiles = (
				"$(DERIVED_FILE_DIR)/$(INPUT_FILE_NAME)",
			);
			script = "mkdir -p \"${DERIVED_FILE_DIR}\"\n\n\"${PROJECT_DIR}\"/SupportingContent/Tools/expandBuildSettingReferences --output \"${SCRIPT_OUTPUT_FILE_0}\" --use-environment \"${SCRIPT_INPUT_FILE}\"\n";
		};
/* End PBXBuildRule section */

/* Begin PBXContainerItemProxy section */
		5EA2E3CF2056F36100416A35 /* PBXContainerItemProxy */ = {
			isa = PBXContainerItemProxy;
			containerPortal = 5E2A7ADD204F611300F4E17A /* Project object */;
			proxyType = 1;
			remoteGlobalIDString = 5E086DBF2051C5A7004D8D25;
			remoteInfo = PlaygroundBook;
		};
		5EA2E3D12056F36300416A35 /* PBXContainerItemProxy */ = {
			isa = PBXContainerItemProxy;
			containerPortal = 5E2A7ADD204F611300F4E17A /* Project object */;
			proxyType = 1;
			remoteGlobalIDString = 5EF2F9AA2054BBF300191409;
			remoteInfo = Book_Sources;
		};
		5EF2F9B42054BDD100191409 /* PBXContainerItemProxy */ = {
			isa = PBXContainerItemProxy;
			containerPortal = 5E2A7ADD204F611300F4E17A /* Project object */;
			proxyType = 1;
			remoteGlobalIDString = 5EF2F9AA2054BBF300191409;
			remoteInfo = Book_Sources;
		};
/* End PBXContainerItemProxy section */

/* Begin PBXCopyFilesBuildPhase section */
		5E086DD22051E35D004D8D25 /* Copy Book Contents */ = {
			isa = PBXCopyFilesBuildPhase;
			buildActionMask = 2147483647;
			dstPath = "$(CONTENTS_FOLDER_PATH)";
			dstSubfolderSpec = 16;
			files = (
				5E086DD32051E3A3004D8D25 /* Manifest.plist in Copy Book Contents */,
				5EF2F9B72054E6FB00191409 /* Chapters in Copy Book Contents */,
				5EF2F9B82054E6FE00191409 /* Sources in Copy Book Contents */,
			);
			name = "Copy Book Contents";
			runOnlyForDeploymentPostprocessing = 0;
		};
		5EA2E3D92056F8BD00416A35 /* Embed Frameworks */ = {
			isa = PBXCopyFilesBuildPhase;
			buildActionMask = 2147483647;
			dstPath = "";
			dstSubfolderSpec = 10;
			files = (
				5EBEC2F0205B399300975D3F /* LiveViewHost.framework in Embed Frameworks */,
				5EA2E3DA2056F8D100416A35 /* PlaygroundBluetooth.framework in Embed Frameworks */,
				5EA2E3DB2056F8D100416A35 /* PlaygroundSupport.framework in Embed Frameworks */,
			);
			name = "Embed Frameworks";
			runOnlyForDeploymentPostprocessing = 0;
		};
/* End PBXCopyFilesBuildPhase section */

/* Begin PBXFileReference section */
		5E086DC02051C5A7004D8D25 /* Build a Shark.playgroundbook */ = {isa = PBXFileReference; explicitFileType = wrapper.cfbundle; includeInIndex = 0; path = "Build a Shark.playgroundbook"; sourceTree = BUILT_PRODUCTS_DIR; };
		5E086DC72051DD03004D8D25 /* BookOverridingBuildSettings.xcconfig */ = {isa = PBXFileReference; lastKnownFileType = text.xcconfig; path = BookOverridingBuildSettings.xcconfig; sourceTree = "<group>"; };
		5E086DCD2051DDB8004D8D25 /* Base */ = {isa = PBXFileReference; lastKnownFileType = file.storyboard; name = Base; path = Base.lproj/LiveView.storyboard; sourceTree = "<group>"; };
		5E086DCF2051DF0F004D8D25 /* Manifest.plist */ = {isa = PBXFileReference; lastKnownFileType = text.plist.xml; path = Manifest.plist; sourceTree = "<group>"; };
		5E0E37522065981C008FA4BE /* BuildSettings.xcconfig */ = {isa = PBXFileReference; lastKnownFileType = text.xcconfig; path = BuildSettings.xcconfig; sourceTree = "<group>"; };
		5E0E37542065A065008FA4BE /* README.md */ = {isa = PBXFileReference; lastKnownFileType = net.daringfireball.markdown; path = README.md; sourceTree = "<group>"; };
		5E1004BE208E7F6E00BCFE70 /* LICENSE.txt */ = {isa = PBXFileReference; lastKnownFileType = text; path = LICENSE.txt; sourceTree = "<group>"; };
		5E2A7AE6204F630600F4E17A /* BaseBuildSettings.xcconfig */ = {isa = PBXFileReference; lastKnownFileType = text.xcconfig; path = BaseBuildSettings.xcconfig; sourceTree = "<group>"; };
		5E3196F22061DEA40077BBD7 /* LiveViewSupport.swift */ = {isa = PBXFileReference; lastKnownFileType = sourcecode.swift; path = LiveViewSupport.swift; sourceTree = "<group>"; };
		5EA2E3BD2056F35A00416A35 /* LiveViewTestApp.app */ = {isa = PBXFileReference; explicitFileType = wrapper.application; includeInIndex = 0; path = LiveViewTestApp.app; sourceTree = BUILT_PRODUCTS_DIR; };
		5EA2E3BF2056F35A00416A35 /* AppDelegate.swift */ = {isa = PBXFileReference; lastKnownFileType = sourcecode.swift; path = AppDelegate.swift; sourceTree = "<group>"; };
		5EA2E3C92056F35B00416A35 /* Base */ = {isa = PBXFileReference; lastKnownFileType = file.storyboard; name = Base; path = Base.lproj/LiveViewTestAppLaunchScreen.storyboard; sourceTree = "<group>"; };
		5EA2E3CB2056F35B00416A35 /* Info.plist */ = {isa = PBXFileReference; lastKnownFileType = text.plist.xml; path = Info.plist; sourceTree = "<group>"; };
		5EA2E3D72056F88700416A35 /* PlaygroundSupport.framework */ = {isa = PBXFileReference; lastKnownFileType = wrapper.framework; path = PlaygroundSupport.framework; sourceTree = PLAYGROUNDS_FRAMEWORKS_DIR; };
		5EA2E3D82056F88700416A35 /* PlaygroundBluetooth.framework */ = {isa = PBXFileReference; lastKnownFileType = wrapper.framework; path = PlaygroundBluetooth.framework; sourceTree = PLAYGROUNDS_FRAMEWORKS_DIR; };
		5EBEC2EF205B396500975D3F /* LiveViewHost.framework */ = {isa = PBXFileReference; lastKnownFileType = wrapper.framework; path = LiveViewHost.framework; sourceTree = OTHER_FRAMEWORKS_DIR; };
		5EF2F97D2054B6E400191409 /* en */ = {isa = PBXFileReference; lastKnownFileType = text.plist.strings; name = en; path = en.lproj/ManifestPlist.strings; sourceTree = "<group>"; };
		5EF2F9A52054BBB200191409 /* Sources */ = {isa = PBXFileReference; lastKnownFileType = folder; path = Sources; sourceTree = "<group>"; };
		5EF2F9AB2054BBF300191409 /* libBook_Sources.a */ = {isa = PBXFileReference; explicitFileType = archive.ar; includeInIndex = 0; path = libBook_Sources.a; sourceTree = BUILT_PRODUCTS_DIR; };
		5EF2F9AD2054BBF300191409 /* LiveViewController.swift */ = {isa = PBXFileReference; lastKnownFileType = sourcecode.swift; path = LiveViewController.swift; sourceTree = "<group>"; };
		5EF2F9B62054E6F900191409 /* Chapters */ = {isa = PBXFileReference; lastKnownFileType = folder; path = Chapters; sourceTree = "<group>"; };
		F23850C2223FC92800DF486D /* TestScene.swift */ = {isa = PBXFileReference; lastKnownFileType = sourcecode.swift; path = TestScene.swift; sourceTree = "<group>"; };
		F23850D1223FDE6300DF486D /* Shark.swift */ = {isa = PBXFileReference; lastKnownFileType = sourcecode.swift; path = Shark.swift; sourceTree = "<group>"; };
		F23850D4223FDEAE00DF486D /* VisualComponent.swift */ = {isa = PBXFileReference; lastKnownFileType = sourcecode.swift; path = VisualComponent.swift; sourceTree = "<group>"; };
		F23850D8223FE30C00DF486D /* MoveComponent.swift */ = {isa = PBXFileReference; lastKnownFileType = sourcecode.swift; path = MoveComponent.swift; sourceTree = "<group>"; };
		F23850DB223FE93E00DF486D /* FishComponent.swift */ = {isa = PBXFileReference; lastKnownFileType = sourcecode.swift; path = FishComponent.swift; sourceTree = "<group>"; };
		F23850DE22402CBD00DF486D /* EntityManager.swift */ = {isa = PBXFileReference; lastKnownFileType = sourcecode.swift; path = EntityManager.swift; sourceTree = "<group>"; };
		F23850E4224135D700DF486D /* Fish.swift */ = {isa = PBXFileReference; lastKnownFileType = sourcecode.swift; path = Fish.swift; sourceTree = "<group>"; };
		F23850E72242604E00DF486D /* ocean.png */ = {isa = PBXFileReference; lastKnownFileType = image.png; path = ocean.png; sourceTree = "<group>"; };
		F23851162242838B00DF486D /* azul_nadando_3.png */ = {isa = PBXFileReference; lastKnownFileType = image.png; path = azul_nadando_3.png; sourceTree = "<group>"; };
		F23851172242838B00DF486D /* palhaco_nadando_5.png */ = {isa = PBXFileReference; lastKnownFileType = image.png; path = palhaco_nadando_5.png; sourceTree = "<group>"; };
		F23851182242838B00DF486D /* carpa_nadando_3.png */ = {isa = PBXFileReference; lastKnownFileType = image.png; path = carpa_nadando_3.png; sourceTree = "<group>"; };
		F23851192242838B00DF486D /* azul_nadando_5.png */ = {isa = PBXFileReference; lastKnownFileType = image.png; path = azul_nadando_5.png; sourceTree = "<group>"; };
		F238511A2242838B00DF486D /* azul_nadando_2.png */ = {isa = PBXFileReference; lastKnownFileType = image.png; path = azul_nadando_2.png; sourceTree = "<group>"; };
		F238511B2242838B00DF486D /* carpa_nadando_5.png */ = {isa = PBXFileReference; lastKnownFileType = image.png; path = carpa_nadando_5.png; sourceTree = "<group>"; };
		F238511C2242838B00DF486D /* palhaco_nadando_2.png */ = {isa = PBXFileReference; lastKnownFileType = image.png; path = palhaco_nadando_2.png; sourceTree = "<group>"; };
		F238511D2242838B00DF486D /* carpa_nadando_1.png */ = {isa = PBXFileReference; lastKnownFileType = image.png; path = carpa_nadando_1.png; sourceTree = "<group>"; };
		F238511E2242838B00DF486D /* carpa_nadando_4.png */ = {isa = PBXFileReference; lastKnownFileType = image.png; path = carpa_nadando_4.png; sourceTree = "<group>"; };
		F238511F2242838C00DF486D /* palhaco_nadando_3.png */ = {isa = PBXFileReference; lastKnownFileType = image.png; path = palhaco_nadando_3.png; sourceTree = "<group>"; };
		F23851202242838C00DF486D /* palhaco_nadando_1.png */ = {isa = PBXFileReference; lastKnownFileType = image.png; path = palhaco_nadando_1.png; sourceTree = "<group>"; };
		F23851212242838C00DF486D /* azul_nadando_4.png */ = {isa = PBXFileReference; lastKnownFileType = image.png; path = azul_nadando_4.png; sourceTree = "<group>"; };
		F23851222242838C00DF486D /* palhaco_nadando_4.png */ = {isa = PBXFileReference; lastKnownFileType = image.png; path = palhaco_nadando_4.png; sourceTree = "<group>"; };
		F23851232242838C00DF486D /* carpa_nadando_2.png */ = {isa = PBXFileReference; lastKnownFileType = image.png; path = carpa_nadando_2.png; sourceTree = "<group>"; };
		F23851242242838C00DF486D /* azul_nadando_1.png */ = {isa = PBXFileReference; lastKnownFileType = image.png; path = azul_nadando_1.png; sourceTree = "<group>"; };
		F238514922466DDD00DF486D /* me_2.png */ = {isa = PBXFileReference; lastKnownFileType = image.png; path = me_2.png; sourceTree = "<group>"; };
		F238514C2246725000DF486D /* tubarao_nadando_1.png */ = {isa = PBXFileReference; lastKnownFileType = image.png; path = tubarao_nadando_1.png; sourceTree = "<group>"; };
		F238514D2246725000DF486D /* tubarao_nadando_4.png */ = {isa = PBXFileReference; lastKnownFileType = image.png; path = tubarao_nadando_4.png; sourceTree = "<group>"; };
		F238514E2246725000DF486D /* tubarao_nadando_6.png */ = {isa = PBXFileReference; lastKnownFileType = image.png; path = tubarao_nadando_6.png; sourceTree = "<group>"; };
		F238514F2246725000DF486D /* tubarao_nadando_2.png */ = {isa = PBXFileReference; lastKnownFileType = image.png; path = tubarao_nadando_2.png; sourceTree = "<group>"; };
		F23851502246725100DF486D /* tubarao_nadando_7.png */ = {isa = PBXFileReference; lastKnownFileType = image.png; path = tubarao_nadando_7.png; sourceTree = "<group>"; };
		F23851512246725100DF486D /* tubarao_nadando_3.png */ = {isa = PBXFileReference; lastKnownFileType = image.png; path = tubarao_nadando_3.png; sourceTree = "<group>"; };
		F23851522246725100DF486D /* tubarao_nadando_5.png */ = {isa = PBXFileReference; lastKnownFileType = image.png; path = tubarao_nadando_5.png; sourceTree = "<group>"; };
		F23851612246732900DF486D /* tubarao_lanchando_1.png */ = {isa = PBXFileReference; lastKnownFileType = image.png; path = tubarao_lanchando_1.png; sourceTree = "<group>"; };
		F23851652246732900DF486D /* tubarao_lanchando_3.png */ = {isa = PBXFileReference; lastKnownFileType = image.png; path = tubarao_lanchando_3.png; sourceTree = "<group>"; };
		F23851662246732900DF486D /* tubarao_lanchando_4.png */ = {isa = PBXFileReference; lastKnownFileType = image.png; path = tubarao_lanchando_4.png; sourceTree = "<group>"; };
		F238517622467AFC00DF486D /* logo.png */ = {isa = PBXFileReference; lastKnownFileType = image.png; path = logo.png; sourceTree = "<group>"; };
		F238517922467C7500DF486D /* tubarao_lanchando_2.png */ = {isa = PBXFileReference; lastKnownFileType = image.png; path = tubarao_lanchando_2.png; sourceTree = "<group>"; };
		F238517D22467FC400DF486D /* trompa_2.png */ = {isa = PBXFileReference; lastKnownFileType = image.png; path = trompa_2.png; sourceTree = "<group>"; };
		F238517E22467FC400DF486D /* trompa_5.png */ = {isa = PBXFileReference; lastKnownFileType = image.png; path = trompa_5.png; sourceTree = "<group>"; };
		F238517F22467FC400DF486D /* trompa_1.png */ = {isa = PBXFileReference; lastKnownFileType = image.png; path = trompa_1.png; sourceTree = "<group>"; };
		F238518022467FC400DF486D /* trompa_3.png */ = {isa = PBXFileReference; lastKnownFileType = image.png; path = trompa_3.png; sourceTree = "<group>"; };
		F238518122467FC400DF486D /* trompa_4.png */ = {isa = PBXFileReference; lastKnownFileType = image.png; path = trompa_4.png; sourceTree = "<group>"; };
		F238518C2246807100DF486D /* pseudo_odor.png */ = {isa = PBXFileReference; lastKnownFileType = image.png; path = pseudo_odor.png; sourceTree = "<group>"; };
/* End PBXFileReference section */

/* Begin PBXFrameworksBuildPhase section */
		5EA2E3BA2056F35A00416A35 /* Frameworks */ = {
			isa = PBXFrameworksBuildPhase;
			buildActionMask = 2147483647;
			files = (
				5EA2E3D42056F36800416A35 /* libBook_Sources.a in Frameworks */,
			);
			runOnlyForDeploymentPostprocessing = 0;
		};
		5EF2F9A82054BBF300191409 /* Frameworks */ = {
			isa = PBXFrameworksBuildPhase;
			buildActionMask = 2147483647;
			files = (
			);
			runOnlyForDeploymentPostprocessing = 0;
		};
/* End PBXFrameworksBuildPhase section */

/* Begin PBXGroup section */
		5E086DA4204F706E004D8D25 /* Products */ = {
			isa = PBXGroup;
			children = (
				5E086DC02051C5A7004D8D25 /* Build a Shark.playgroundbook */,
				5EF2F9AB2054BBF300191409 /* libBook_Sources.a */,
				5EA2E3BD2056F35A00416A35 /* LiveViewTestApp.app */,
			);
			name = Products;
			sourceTree = "<group>";
		};
		5E086DC12051C5A7004D8D25 /* PlaygroundBook */ = {
			isa = PBXGroup;
			children = (
				5E086DCF2051DF0F004D8D25 /* Manifest.plist */,
				F23850CC223FD9F800DF486D /* Resources */,
				5EF2F9A22054BB3E00191409 /* Sources */,
				5EF2F9792054B64800191409 /* PrivateResources */,
				5EF2F9B62054E6F900191409 /* Chapters */,
				5EF2F9A42054BB9500191409 /* Supporting Content */,
			);
			path = PlaygroundBook;
			sourceTree = "<group>";
		};
		5E0E3751206597E7008FA4BE /* Base */ = {
			isa = PBXGroup;
			children = (
				5E2A7AE6204F630600F4E17A /* BaseBuildSettings.xcconfig */,
			);
			path = Base;
			sourceTree = "<group>";
		};
		5E0E3753206599A0008FA4BE /* Overrides */ = {
			isa = PBXGroup;
			children = (
				5E086DC72051DD03004D8D25 /* BookOverridingBuildSettings.xcconfig */,
			);
			path = Overrides;
			sourceTree = "<group>";
		};
		5E1004BD208E7F6E00BCFE70 /* LICENSE */ = {
			isa = PBXGroup;
			children = (
				5E1004BE208E7F6E00BCFE70 /* LICENSE.txt */,
			);
			path = LICENSE;
			sourceTree = "<group>";
		};
		5E2A7ADC204F611300F4E17A = {
			isa = PBXGroup;
			children = (
				5E0E37542065A065008FA4BE /* README.md */,
				5E086DC12051C5A7004D8D25 /* PlaygroundBook */,
				5EA2E3BE2056F35A00416A35 /* LiveViewTestApp */,
				5E2A7AE3204F628B00F4E17A /* Config Files */,
				5E1004BD208E7F6E00BCFE70 /* LICENSE */,
				5EA2E3D52056F83400416A35 /* Supporting Content */,
				5E086DA4204F706E004D8D25 /* Products */,
			);
			sourceTree = "<group>";
		};
		5E2A7AE3204F628B00F4E17A /* Config Files */ = {
			isa = PBXGroup;
			children = (
				5E0E37522065981C008FA4BE /* BuildSettings.xcconfig */,
				5E0E3751206597E7008FA4BE /* Base */,
				5E0E3753206599A0008FA4BE /* Overrides */,
			);
			name = "Config Files";
			path = ConfigFiles;
			sourceTree = "<group>";
		};
		5EA2E3BE2056F35A00416A35 /* LiveViewTestApp */ = {
			isa = PBXGroup;
			children = (
				5EA2E3BF2056F35A00416A35 /* AppDelegate.swift */,
				5EA2E3C82056F35B00416A35 /* LiveViewTestAppLaunchScreen.storyboard */,
				5EA2E3CB2056F35B00416A35 /* Info.plist */,
			);
			path = LiveViewTestApp;
			sourceTree = "<group>";
		};
		5EA2E3D52056F83400416A35 /* Supporting Content */ = {
			isa = PBXGroup;
			children = (
				5EA2E3D62056F84000416A35 /* Playgrounds Frameworks */,
				5EBEC2EE205B395200975D3F /* Other Frameworks */,
			);
			name = "Supporting Content";
			sourceTree = "<group>";
		};
		5EA2E3D62056F84000416A35 /* Playgrounds Frameworks */ = {
			isa = PBXGroup;
			children = (
				5EA2E3D82056F88700416A35 /* PlaygroundBluetooth.framework */,
				5EA2E3D72056F88700416A35 /* PlaygroundSupport.framework */,
			);
			name = "Playgrounds Frameworks";
			sourceTree = "<group>";
		};
		5EBEC2EE205B395200975D3F /* Other Frameworks */ = {
			isa = PBXGroup;
			children = (
				5EBEC2EF205B396500975D3F /* LiveViewHost.framework */,
			);
			name = "Other Frameworks";
			sourceTree = "<group>";
		};
		5EF2F9792054B64800191409 /* PrivateResources */ = {
			isa = PBXGroup;
			children = (
				5EF2F97E2054B6E400191409 /* ManifestPlist.strings */,
				5E086DCC2051DDAE004D8D25 /* LiveView.storyboard */,
			);
			path = PrivateResources;
			sourceTree = "<group>";
		};
		5EF2F9A22054BB3E00191409 /* Sources */ = {
			isa = PBXGroup;
			children = (
				F23850D0223FDE4800DF486D /* Gameplay */,
				F23850C4223FD36C00DF486D /* Scenes */,
				5EF2F9AD2054BBF300191409 /* LiveViewController.swift */,
				5E3196F22061DEA40077BBD7 /* LiveViewSupport.swift */,
				F23850DE22402CBD00DF486D /* EntityManager.swift */,
			);
			path = Sources;
			sourceTree = "<group>";
		};
		5EF2F9A42054BB9500191409 /* Supporting Content */ = {
			isa = PBXGroup;
			children = (
				5EF2F9A52054BBB200191409 /* Sources */,
			);
			name = "Supporting Content";
			sourceTree = "<group>";
		};
		F23850C4223FD36C00DF486D /* Scenes */ = {
			isa = PBXGroup;
			children = (
				F23850C2223FC92800DF486D /* TestScene.swift */,
			);
			path = Scenes;
			sourceTree = "<group>";
		};
		F23850CC223FD9F800DF486D /* Resources */ = {
			isa = PBXGroup;
			children = (
				F238517C22467E4A00DF486D /* goodSmells */,
				F2385115224280BA00DF486D /* peixes */,
				F23850EA22426E4100DF486D /* tubarao_raposa */,
				F23850E72242604E00DF486D /* ocean.png */,
				F238517622467AFC00DF486D /* logo.png */,
				F238514922466DDD00DF486D /* me_2.png */,
			);
			name = Resources;
			sourceTree = "<group>";
		};
		F23850D0223FDE4800DF486D /* Gameplay */ = {
			isa = PBXGroup;
			children = (
				F23850E4224135D700DF486D /* Fish.swift */,
				F23850D1223FDE6300DF486D /* Shark.swift */,
				F23850D4223FDEAE00DF486D /* VisualComponent.swift */,
				F23850D8223FE30C00DF486D /* MoveComponent.swift */,
				F23850DB223FE93E00DF486D /* FishComponent.swift */,
			);
			path = Gameplay;
			sourceTree = "<group>";
		};
		F23850EA22426E4100DF486D /* tubarao_raposa */ = {
			isa = PBXGroup;
			children = (
				F23851612246732900DF486D /* tubarao_lanchando_1.png */,
				F238517922467C7500DF486D /* tubarao_lanchando_2.png */,
				F23851652246732900DF486D /* tubarao_lanchando_3.png */,
				F23851662246732900DF486D /* tubarao_lanchando_4.png */,
				F238514C2246725000DF486D /* tubarao_nadando_1.png */,
				F238514F2246725000DF486D /* tubarao_nadando_2.png */,
				F23851512246725100DF486D /* tubarao_nadando_3.png */,
				F238514D2246725000DF486D /* tubarao_nadando_4.png */,
				F23851522246725100DF486D /* tubarao_nadando_5.png */,
				F238514E2246725000DF486D /* tubarao_nadando_6.png */,
				F23851502246725100DF486D /* tubarao_nadando_7.png */,
			);
			name = tubarao_raposa;
			sourceTree = "<group>";
		};
		F2385115224280BA00DF486D /* peixes */ = {
			isa = PBXGroup;
			children = (
				F23851242242838C00DF486D /* azul_nadando_1.png */,
				F238511A2242838B00DF486D /* azul_nadando_2.png */,
				F23851162242838B00DF486D /* azul_nadando_3.png */,
				F23851212242838C00DF486D /* azul_nadando_4.png */,
				F23851192242838B00DF486D /* azul_nadando_5.png */,
				F238511D2242838B00DF486D /* carpa_nadando_1.png */,
				F23851232242838C00DF486D /* carpa_nadando_2.png */,
				F23851182242838B00DF486D /* carpa_nadando_3.png */,
				F238511E2242838B00DF486D /* carpa_nadando_4.png */,
				F238511B2242838B00DF486D /* carpa_nadando_5.png */,
				F23851202242838C00DF486D /* palhaco_nadando_1.png */,
				F238511C2242838B00DF486D /* palhaco_nadando_2.png */,
				F238511F2242838C00DF486D /* palhaco_nadando_3.png */,
				F23851222242838C00DF486D /* palhaco_nadando_4.png */,
				F23851172242838B00DF486D /* palhaco_nadando_5.png */,
			);
			name = peixes;
			sourceTree = "<group>";
		};
		F238517C22467E4A00DF486D /* goodSmells */ = {
			isa = PBXGroup;
			children = (
				F238517F22467FC400DF486D /* trompa_1.png */,
				F238517D22467FC400DF486D /* trompa_2.png */,
				F238518022467FC400DF486D /* trompa_3.png */,
				F238518122467FC400DF486D /* trompa_4.png */,
				F238517E22467FC400DF486D /* trompa_5.png */,
				F238518C2246807100DF486D /* pseudo_odor.png */,
			);
			name = goodSmells;
			sourceTree = "<group>";
		};
/* End PBXGroup section */

/* Begin PBXNativeTarget section */
		5E086DBF2051C5A7004D8D25 /* PlaygroundBook */ = {
			isa = PBXNativeTarget;
			buildConfigurationList = 5E086DC52051C5A7004D8D25 /* Build configuration list for PBXNativeTarget "PlaygroundBook" */;
			buildPhases = (
				5E086DD22051E35D004D8D25 /* Copy Book Contents */,
				5E086DC62051DB17004D8D25 /* Resources */,
			);
			buildRules = (
				5E086DD42051E415004D8D25 /* PBXBuildRule */,
			);
			dependencies = (
				5EF2F9B52054BDD100191409 /* PBXTargetDependency */,
			);
			name = PlaygroundBook;
			productName = PlaygroundBook;
			productReference = 5E086DC02051C5A7004D8D25 /* Build a Shark.playgroundbook */;
			productType = "com.apple.product-type.bundle";
		};
		5EA2E3BC2056F35A00416A35 /* LiveViewTestApp */ = {
			isa = PBXNativeTarget;
			buildConfigurationList = 5EA2E3CE2056F35B00416A35 /* Build configuration list for PBXNativeTarget "LiveViewTestApp" */;
			buildPhases = (
				5EA2E3B92056F35A00416A35 /* Sources */,
				5EA2E3BA2056F35A00416A35 /* Frameworks */,
				5EA2E3BB2056F35A00416A35 /* Resources */,
				5EA2E3D92056F8BD00416A35 /* Embed Frameworks */,
				5EA2E3DD2056FB2900416A35 /* Embed Playground Book PublicResources & PrivateResources */,
			);
			buildRules = (
			);
			dependencies = (
				5EA2E3D02056F36100416A35 /* PBXTargetDependency */,
				5EA2E3D22056F36300416A35 /* PBXTargetDependency */,
			);
			name = LiveViewTestApp;
			productName = LiveViewTestApp;
			productReference = 5EA2E3BD2056F35A00416A35 /* LiveViewTestApp.app */;
			productType = "com.apple.product-type.application";
		};
		5EF2F9AA2054BBF300191409 /* Book_Sources */ = {
			isa = PBXNativeTarget;
			buildConfigurationList = 5EF2F9AF2054BBF300191409 /* Build configuration list for PBXNativeTarget "Book_Sources" */;
			buildPhases = (
				5EF2F9A72054BBF300191409 /* Sources */,
				5EF2F9A82054BBF300191409 /* Frameworks */,
			);
			buildRules = (
			);
			dependencies = (
			);
			name = Book_Sources;
			productName = Book_Sources;
			productReference = 5EF2F9AB2054BBF300191409 /* libBook_Sources.a */;
			productType = "com.apple.product-type.library.static";
		};
/* End PBXNativeTarget section */

/* Begin PBXProject section */
		5E2A7ADD204F611300F4E17A /* Project object */ = {
			isa = PBXProject;
			attributes = {
				LastSwiftUpdateCheck = 0930;
				LastUpgradeCheck = 0930;
				TargetAttributes = {
					5E086DBF2051C5A7004D8D25 = {
						CreatedOnToolsVersion = 9.3;
					};
					5EA2E3BC2056F35A00416A35 = {
						CreatedOnToolsVersion = 9.3;
						LastSwiftMigration = 1000;
					};
					5EF2F9AA2054BBF300191409 = {
						CreatedOnToolsVersion = 9.3;
						LastSwiftMigration = 1000;
					};
				};
			};
			buildConfigurationList = 5E2A7AE0204F611300F4E17A /* Build configuration list for PBXProject "PlaygroundBook" */;
			compatibilityVersion = "Xcode 9.3";
			developmentRegion = en;
			hasScannedForEncodings = 0;
			knownRegions = (
				en,
				Base,
			);
			mainGroup = 5E2A7ADC204F611300F4E17A;
			productRefGroup = 5E086DA4204F706E004D8D25 /* Products */;
			projectDirPath = "";
			projectRoot = "";
			targets = (
				5E086DBF2051C5A7004D8D25 /* PlaygroundBook */,
				5EF2F9AA2054BBF300191409 /* Book_Sources */,
				5EA2E3BC2056F35A00416A35 /* LiveViewTestApp */,
			);
		};
/* End PBXProject section */

/* Begin PBXResourcesBuildPhase section */
		5E086DC62051DB17004D8D25 /* Resources */ = {
			isa = PBXResourcesBuildPhase;
			buildActionMask = 2147483647;
			files = (
				F238518422467FC400DF486D /* trompa_5.png in Resources */,
				F23851272242838C00DF486D /* palhaco_nadando_5.png in Resources */,
				F23851722246732900DF486D /* tubarao_lanchando_4.png in Resources */,
				5EF2F97C2054B6E400191409 /* ManifestPlist.strings in Resources */,
				F238518222467FC400DF486D /* trompa_2.png in Resources */,
				F238517A22467C7500DF486D /* tubarao_lanchando_2.png in Resources */,
				F238515F2246725100DF486D /* tubarao_nadando_5.png in Resources */,
				F23851532246725100DF486D /* tubarao_nadando_1.png in Resources */,
				F238515B2246725100DF486D /* tubarao_nadando_7.png in Resources */,
				F238518A22467FC400DF486D /* trompa_4.png in Resources */,
				F23851682246732900DF486D /* tubarao_lanchando_1.png in Resources */,
				F238514A22466DDD00DF486D /* me_2.png in Resources */,
				F23851252242838C00DF486D /* azul_nadando_3.png in Resources */,
				F238512B2242838C00DF486D /* azul_nadando_5.png in Resources */,
				F238518822467FC400DF486D /* trompa_3.png in Resources */,
				F238515D2246725100DF486D /* tubarao_nadando_3.png in Resources */,
				F238512D2242838C00DF486D /* azul_nadando_2.png in Resources */,
				F238513D2242838C00DF486D /* palhaco_nadando_4.png in Resources */,
				F238518D2246807100DF486D /* pseudo_odor.png in Resources */,
				F238518622467FC400DF486D /* trompa_1.png in Resources */,
				F23851552246725100DF486D /* tubarao_nadando_4.png in Resources */,
				F23850E82242604E00DF486D /* ocean.png in Resources */,
				F23851702246732900DF486D /* tubarao_lanchando_3.png in Resources */,
				F23851572246725100DF486D /* tubarao_nadando_6.png in Resources */,
				F238512F2242838C00DF486D /* carpa_nadando_5.png in Resources */,
				F23851312242838C00DF486D /* palhaco_nadando_2.png in Resources */,
				F238517722467AFC00DF486D /* logo.png in Resources */,
				F23851392242838C00DF486D /* palhaco_nadando_1.png in Resources */,
				F23851352242838C00DF486D /* carpa_nadando_4.png in Resources */,
				F238513F2242838C00DF486D /* carpa_nadando_2.png in Resources */,
				5E086DCA2051DDAE004D8D25 /* LiveView.storyboard in Resources */,
				F23851592246725100DF486D /* tubarao_nadando_2.png in Resources */,
				F238513B2242838C00DF486D /* azul_nadando_4.png in Resources */,
				F23851372242838C00DF486D /* palhaco_nadando_3.png in Resources */,
				F23851412242838C00DF486D /* azul_nadando_1.png in Resources */,
				F23851292242838C00DF486D /* carpa_nadando_3.png in Resources */,
				F23851332242838C00DF486D /* carpa_nadando_1.png in Resources */,
			);
			runOnlyForDeploymentPostprocessing = 0;
		};
		5EA2E3BB2056F35A00416A35 /* Resources */ = {
			isa = PBXResourcesBuildPhase;
			buildActionMask = 2147483647;
			files = (
				F238513A2242838C00DF486D /* palhaco_nadando_1.png in Resources */,
				F238518E2246807100DF486D /* pseudo_odor.png in Resources */,
				F238514B22466DDD00DF486D /* me_2.png in Resources */,
				F238517822467AFC00DF486D /* logo.png in Resources */,
				F23851562246725100DF486D /* tubarao_nadando_4.png in Resources */,
				F238512C2242838C00DF486D /* azul_nadando_5.png in Resources */,
				5EA2E3CA2056F35B00416A35 /* LiveViewTestAppLaunchScreen.storyboard in Resources */,
				F238518522467FC400DF486D /* trompa_5.png in Resources */,
				F238517B22467C7500DF486D /* tubarao_lanchando_2.png in Resources */,
				F238515C2246725100DF486D /* tubarao_nadando_7.png in Resources */,
				F238518722467FC400DF486D /* trompa_1.png in Resources */,
				F238515A2246725100DF486D /* tubarao_nadando_2.png in Resources */,
				F23851602246725100DF486D /* tubarao_nadando_5.png in Resources */,
				F23851732246732900DF486D /* tubarao_lanchando_4.png in Resources */,
				F238518322467FC400DF486D /* trompa_2.png in Resources */,
				F23851712246732900DF486D /* tubarao_lanchando_3.png in Resources */,
				F23851302242838C00DF486D /* carpa_nadando_5.png in Resources */,
				F238518922467FC400DF486D /* trompa_3.png in Resources */,
				F23851362242838C00DF486D /* carpa_nadando_4.png in Resources */,
				F23851582246725100DF486D /* tubarao_nadando_6.png in Resources */,
				F23851322242838C00DF486D /* palhaco_nadando_2.png in Resources */,
				F23851282242838C00DF486D /* palhaco_nadando_5.png in Resources */,
				F23851382242838C00DF486D /* palhaco_nadando_3.png in Resources */,
				F238515E2246725100DF486D /* tubarao_nadando_3.png in Resources */,
				F238518B22467FC400DF486D /* trompa_4.png in Resources */,
				F23851692246732900DF486D /* tubarao_lanchando_1.png in Resources */,
				F23851262242838C00DF486D /* azul_nadando_3.png in Resources */,
				F23851402242838C00DF486D /* carpa_nadando_2.png in Resources */,
				F23851422242838C00DF486D /* azul_nadando_1.png in Resources */,
				F238513E2242838C00DF486D /* palhaco_nadando_4.png in Resources */,
				F23850E92242604E00DF486D /* ocean.png in Resources */,
				F23851342242838C00DF486D /* carpa_nadando_1.png in Resources */,
				F238512E2242838C00DF486D /* azul_nadando_2.png in Resources */,
				F23851542246725100DF486D /* tubarao_nadando_1.png in Resources */,
				F238512A2242838C00DF486D /* carpa_nadando_3.png in Resources */,
				F238513C2242838C00DF486D /* azul_nadando_4.png in Resources */,
			);
			runOnlyForDeploymentPostprocessing = 0;
		};
/* End PBXResourcesBuildPhase section */

/* Begin PBXShellScriptBuildPhase section */
		5EA2E3DD2056FB2900416A35 /* Embed Playground Book PublicResources & PrivateResources */ = {
			isa = PBXShellScriptBuildPhase;
			buildActionMask = 2147483647;
			files = (
			);
			inputPaths = (
				"$(BUILT_PRODUCTS_DIR)/PlaygroundBook.playgroundbook",
			);
			name = "Embed Playground Book PublicResources & PrivateResources";
			outputPaths = (
				"$(DERIVED_FILE_DIR)/embed-resources-marker",
			);
			runOnlyForDeploymentPostprocessing = 0;
			shellPath = /bin/sh;
			shellScript = "PLAYGROUND_BOOK_PATH=\"${BUILT_PRODUCTS_DIR}/${PLAYGROUND_BOOK_FILE_NAME}.playgroundbook\"\nPRIVATERESOURCES_FOLDER_PATH=\"${PLAYGROUND_BOOK_PATH}/Contents/PrivateResources\"\nPUBLICRESOURCES_FOLDER_PATH=\"${PLAYGROUND_BOOK_PATH}/Contents/PublicResources\"\n\nDESTINATION_FOLDER_PATH=\"${TARGET_BUILD_DIR}/${UNLOCALIZED_RESOURCES_FOLDER_PATH}\"\n\nif [[ -d \"${PRIVATERESOURCES_FOLDER_PATH}\" ]]; then\n    ditto \"${PRIVATERESOURCES_FOLDER_PATH}\" \"${DESTINATION_FOLDER_PATH}\"\nfi\n\nif [[ -d \"${PUBLICRESOURCES_FOLDER_PATH}\" ]]; then\n    ditto \"${PUBLICRESOURCES_FOLDER_PATH}\" \"${DESTINATION_FOLDER_PATH}\"\nfi\n\nmkdir -p \"${DERIVED_FILE_DIR}\"\ntouch \"${DERIVED_FILE_DIR}/embed-resources-marker\"";
		};
/* End PBXShellScriptBuildPhase section */

/* Begin PBXSourcesBuildPhase section */
		5EA2E3B92056F35A00416A35 /* Sources */ = {
			isa = PBXSourcesBuildPhase;
			buildActionMask = 2147483647;
			files = (
				F23850DA223FE31300DF486D /* MoveComponent.swift in Sources */,
				F23850E5224135D700DF486D /* Fish.swift in Sources */,
				F23850DD223FE93E00DF486D /* FishComponent.swift in Sources */,
				F238518F2246C8FB00DF486D /* TestScene.swift in Sources */,
				F23850D6223FE04400DF486D /* VisualComponent.swift in Sources */,
				5EA2E3C02056F35A00416A35 /* AppDelegate.swift in Sources */,
				F23851902246CAAA00DF486D /* EntityManager.swift in Sources */,
				F23850D3223FDE6300DF486D /* Shark.swift in Sources */,
			);
			runOnlyForDeploymentPostprocessing = 0;
		};
		5EF2F9A72054BBF300191409 /* Sources */ = {
			isa = PBXSourcesBuildPhase;
			buildActionMask = 2147483647;
			files = (
				F23850DC223FE93E00DF486D /* FishComponent.swift in Sources */,
				5E3196F32061DEA40077BBD7 /* LiveViewSupport.swift in Sources */,
				F23850D5223FDEAE00DF486D /* VisualComponent.swift in Sources */,
				F23850D9223FE30C00DF486D /* MoveComponent.swift in Sources */,
				F23850C3223FC92800DF486D /* TestScene.swift in Sources */,
				5EF2F9AE2054BBF300191409 /* LiveViewController.swift in Sources */,
				F23850DF22402CBD00DF486D /* EntityManager.swift in Sources */,
				F23850E62241374C00DF486D /* Fish.swift in Sources */,
				F23850D2223FDE6300DF486D /* Shark.swift in Sources */,
			);
			runOnlyForDeploymentPostprocessing = 0;
		};
/* End PBXSourcesBuildPhase section */

/* Begin PBXTargetDependency section */
		5EA2E3D02056F36100416A35 /* PBXTargetDependency */ = {
			isa = PBXTargetDependency;
			target = 5E086DBF2051C5A7004D8D25 /* PlaygroundBook */;
			targetProxy = 5EA2E3CF2056F36100416A35 /* PBXContainerItemProxy */;
		};
		5EA2E3D22056F36300416A35 /* PBXTargetDependency */ = {
			isa = PBXTargetDependency;
			target = 5EF2F9AA2054BBF300191409 /* Book_Sources */;
			targetProxy = 5EA2E3D12056F36300416A35 /* PBXContainerItemProxy */;
		};
		5EF2F9B52054BDD100191409 /* PBXTargetDependency */ = {
			isa = PBXTargetDependency;
			target = 5EF2F9AA2054BBF300191409 /* Book_Sources */;
			targetProxy = 5EF2F9B42054BDD100191409 /* PBXContainerItemProxy */;
		};
/* End PBXTargetDependency section */

/* Begin PBXVariantGroup section */
		5E086DCC2051DDAE004D8D25 /* LiveView.storyboard */ = {
			isa = PBXVariantGroup;
			children = (
				5E086DCD2051DDB8004D8D25 /* Base */,
			);
			name = LiveView.storyboard;
			sourceTree = "<group>";
		};
		5EA2E3C82056F35B00416A35 /* LiveViewTestAppLaunchScreen.storyboard */ = {
			isa = PBXVariantGroup;
			children = (
				5EA2E3C92056F35B00416A35 /* Base */,
			);
			name = LiveViewTestAppLaunchScreen.storyboard;
			sourceTree = "<group>";
		};
		5EF2F97E2054B6E400191409 /* ManifestPlist.strings */ = {
			isa = PBXVariantGroup;
			children = (
				5EF2F97D2054B6E400191409 /* en */,
			);
			name = ManifestPlist.strings;
			sourceTree = "<group>";
		};
/* End PBXVariantGroup section */

/* Begin XCBuildConfiguration section */
		5E086DC32051C5A7004D8D25 /* Debug */ = {
			isa = XCBuildConfiguration;
			baseConfigurationReference = 5E086DC72051DD03004D8D25 /* BookOverridingBuildSettings.xcconfig */;
			buildSettings = {
				COMBINE_HIDPI_IMAGES = YES;
				CURRENT_PROJECT_VERSION = 1.0;
				GCC_DYNAMIC_NO_PIC = NO;
				INSTALL_PATH = /;
				IPHONEOS_DEPLOYMENT_TARGET = 12.1;
				PRODUCT_BUNDLE_IDENTIFIER = "$(PLAYGROUND_BOOK_CONTENT_IDENTIFIER)";
				PRODUCT_NAME = "$(PLAYGROUND_BOOK_FILE_NAME)";
				SKIP_INSTALL = NO;
			};
			name = Debug;
		};
		5E086DC42051C5A7004D8D25 /* Release */ = {
			isa = XCBuildConfiguration;
			baseConfigurationReference = 5E086DC72051DD03004D8D25 /* BookOverridingBuildSettings.xcconfig */;
			buildSettings = {
				COMBINE_HIDPI_IMAGES = YES;
				CURRENT_PROJECT_VERSION = 1.0;
				INSTALL_PATH = /;
				IPHONEOS_DEPLOYMENT_TARGET = 12.1;
				PRODUCT_BUNDLE_IDENTIFIER = "$(PLAYGROUND_BOOK_CONTENT_IDENTIFIER)";
				PRODUCT_NAME = "$(PLAYGROUND_BOOK_FILE_NAME)";
				SKIP_INSTALL = NO;
			};
			name = Release;
		};
		5E2A7AE1204F611300F4E17A /* Debug */ = {
			isa = XCBuildConfiguration;
			baseConfigurationReference = 5E0E37522065981C008FA4BE /* BuildSettings.xcconfig */;
			buildSettings = {
				ALWAYS_SEARCH_USER_PATHS = NO;
				CLANG_ANALYZER_NONNULL = YES;
				CLANG_ANALYZER_NUMBER_OBJECT_CONVERSION = YES_AGGRESSIVE;
				CLANG_CXX_LANGUAGE_STANDARD = "gnu++14";
				CLANG_CXX_LIBRARY = "libc++";
				CLANG_ENABLE_MODULES = YES;
				CLANG_ENABLE_OBJC_ARC = YES;
				CLANG_ENABLE_OBJC_WEAK = YES;
				CLANG_WARN_BLOCK_CAPTURE_AUTORELEASING = YES;
				CLANG_WARN_BOOL_CONVERSION = YES;
				CLANG_WARN_COMMA = YES;
				CLANG_WARN_CONSTANT_CONVERSION = YES;
				CLANG_WARN_DEPRECATED_OBJC_IMPLEMENTATIONS = YES;
				CLANG_WARN_DIRECT_OBJC_ISA_USAGE = YES_ERROR;
				CLANG_WARN_DOCUMENTATION_COMMENTS = YES;
				CLANG_WARN_EMPTY_BODY = YES;
				CLANG_WARN_ENUM_CONVERSION = YES;
				CLANG_WARN_INFINITE_RECURSION = YES;
				CLANG_WARN_INT_CONVERSION = YES;
				CLANG_WARN_NON_LITERAL_NULL_CONVERSION = YES;
				CLANG_WARN_OBJC_IMPLICIT_RETAIN_SELF = YES;
				CLANG_WARN_OBJC_LITERAL_CONVERSION = YES;
				CLANG_WARN_OBJC_ROOT_CLASS = YES_ERROR;
				CLANG_WARN_RANGE_LOOP_ANALYSIS = YES;
				CLANG_WARN_STRICT_PROTOTYPES = YES;
				CLANG_WARN_SUSPICIOUS_MOVE = YES;
				CLANG_WARN_UNGUARDED_AVAILABILITY = YES_AGGRESSIVE;
				CLANG_WARN_UNREACHABLE_CODE = YES;
				CLANG_WARN__DUPLICATE_METHOD_MATCH = YES;
				COPY_PHASE_STRIP = NO;
				DEBUG_INFORMATION_FORMAT = dwarf;
				ENABLE_STRICT_OBJC_MSGSEND = YES;
				ENABLE_TESTABILITY = YES;
				GCC_C_LANGUAGE_STANDARD = gnu11;
				GCC_NO_COMMON_BLOCKS = YES;
				GCC_OPTIMIZATION_LEVEL = 0;
				GCC_PREPROCESSOR_DEFINITIONS = (
					"DEBUG=1",
					"$(inherited)",
				);
				GCC_WARN_64_TO_32_BIT_CONVERSION = YES;
				GCC_WARN_ABOUT_RETURN_TYPE = YES_ERROR;
				GCC_WARN_UNDECLARED_SELECTOR = YES;
				GCC_WARN_UNINITIALIZED_AUTOS = YES_AGGRESSIVE;
				GCC_WARN_UNUSED_FUNCTION = YES;
				GCC_WARN_UNUSED_VARIABLE = YES;
				IPHONEOS_DEPLOYMENT_TARGET = 12.1;
				MTL_ENABLE_DEBUG_INFO = YES;
				ONLY_ACTIVE_ARCH = YES;
				SDKROOT = iphoneos;
				SWIFT_ACTIVE_COMPILATION_CONDITIONS = "$(inherited) DEBUG";
				SWIFT_OPTIMIZATION_LEVEL = "-Onone";
				SWIFT_VERSION = 4.2;
			};
			name = Debug;
		};
		5E2A7AE2204F611300F4E17A /* Release */ = {
			isa = XCBuildConfiguration;
			baseConfigurationReference = 5E0E37522065981C008FA4BE /* BuildSettings.xcconfig */;
			buildSettings = {
				ALWAYS_SEARCH_USER_PATHS = NO;
				CLANG_ANALYZER_NONNULL = YES;
				CLANG_ANALYZER_NUMBER_OBJECT_CONVERSION = YES_AGGRESSIVE;
				CLANG_CXX_LANGUAGE_STANDARD = "gnu++14";
				CLANG_CXX_LIBRARY = "libc++";
				CLANG_ENABLE_MODULES = YES;
				CLANG_ENABLE_OBJC_ARC = YES;
				CLANG_ENABLE_OBJC_WEAK = YES;
				CLANG_WARN_BLOCK_CAPTURE_AUTORELEASING = YES;
				CLANG_WARN_BOOL_CONVERSION = YES;
				CLANG_WARN_COMMA = YES;
				CLANG_WARN_CONSTANT_CONVERSION = YES;
				CLANG_WARN_DEPRECATED_OBJC_IMPLEMENTATIONS = YES;
				CLANG_WARN_DIRECT_OBJC_ISA_USAGE = YES_ERROR;
				CLANG_WARN_DOCUMENTATION_COMMENTS = YES;
				CLANG_WARN_EMPTY_BODY = YES;
				CLANG_WARN_ENUM_CONVERSION = YES;
				CLANG_WARN_INFINITE_RECURSION = YES;
				CLANG_WARN_INT_CONVERSION = YES;
				CLANG_WARN_NON_LITERAL_NULL_CONVERSION = YES;
				CLANG_WARN_OBJC_IMPLICIT_RETAIN_SELF = YES;
				CLANG_WARN_OBJC_LITERAL_CONVERSION = YES;
				CLANG_WARN_OBJC_ROOT_CLASS = YES_ERROR;
				CLANG_WARN_RANGE_LOOP_ANALYSIS = YES;
				CLANG_WARN_STRICT_PROTOTYPES = YES;
				CLANG_WARN_SUSPICIOUS_MOVE = YES;
				CLANG_WARN_UNGUARDED_AVAILABILITY = YES_AGGRESSIVE;
				CLANG_WARN_UNREACHABLE_CODE = YES;
				CLANG_WARN__DUPLICATE_METHOD_MATCH = YES;
				COPY_PHASE_STRIP = NO;
				DEBUG_INFORMATION_FORMAT = "dwarf-with-dsym";
				ENABLE_NS_ASSERTIONS = NO;
				ENABLE_STRICT_OBJC_MSGSEND = YES;
				GCC_C_LANGUAGE_STANDARD = gnu11;
				GCC_NO_COMMON_BLOCKS = YES;
				GCC_WARN_64_TO_32_BIT_CONVERSION = YES;
				GCC_WARN_ABOUT_RETURN_TYPE = YES_ERROR;
				GCC_WARN_UNDECLARED_SELECTOR = YES;
				GCC_WARN_UNINITIALIZED_AUTOS = YES_AGGRESSIVE;
				GCC_WARN_UNUSED_FUNCTION = YES;
				GCC_WARN_UNUSED_VARIABLE = YES;
				IPHONEOS_DEPLOYMENT_TARGET = 12.1;
				MTL_ENABLE_DEBUG_INFO = NO;
				SDKROOT = iphoneos;
				SWIFT_COMPILATION_MODE = wholemodule;
				SWIFT_OPTIMIZATION_LEVEL = "-O";
				SWIFT_VERSION = 4.2;
			};
			name = Release;
		};
		5EA2E3CC2056F35B00416A35 /* Debug */ = {
			isa = XCBuildConfiguration;
			buildSettings = {
				ALWAYS_EMBED_SWIFT_STANDARD_LIBRARIES = YES;
				CODE_SIGN_IDENTITY = "iPhone Developer";
				CODE_SIGN_STYLE = Automatic;
				DEVELOPMENT_TEAM = 56L5ZBLR4P;
				GCC_DYNAMIC_NO_PIC = NO;
				INFOPLIST_FILE = LiveViewTestApp/Info.plist;
				LD_RUNPATH_SEARCH_PATHS = (
					"$(inherited)",
					"@executable_path/Frameworks",
				);
				OTHER_LDFLAGS = "-all_load";
				PRODUCT_BUNDLE_IDENTIFIER = com.example.LiveViewTestApp;
				PRODUCT_NAME = "$(TARGET_NAME)";
				SWIFT_ACTIVE_COMPILATION_CONDITIONS = DEBUG;
				SWIFT_VERSION = 4.2;
				SYSTEM_FRAMEWORK_SEARCH_PATHS = (
					"\"$(OTHER_FRAMEWORKS_DIR)\"",
					"$(inherited)",
				);
			};
			name = Debug;
		};
		5EA2E3CD2056F35B00416A35 /* Release */ = {
			isa = XCBuildConfiguration;
			buildSettings = {
				ALWAYS_EMBED_SWIFT_STANDARD_LIBRARIES = YES;
				CODE_SIGN_IDENTITY = "iPhone Developer";
				CODE_SIGN_STYLE = Automatic;
				DEVELOPMENT_TEAM = 56L5ZBLR4P;
				INFOPLIST_FILE = LiveViewTestApp/Info.plist;
				LD_RUNPATH_SEARCH_PATHS = (
					"$(inherited)",
					"@executable_path/Frameworks",
				);
				OTHER_LDFLAGS = "-all_load";
				PRODUCT_BUNDLE_IDENTIFIER = com.example.LiveViewTestApp;
				PRODUCT_NAME = "$(TARGET_NAME)";
				SWIFT_VERSION = 4.2;
				SYSTEM_FRAMEWORK_SEARCH_PATHS = (
					"\"$(OTHER_FRAMEWORKS_DIR)\"",
					"$(inherited)",
				);
				VALIDATE_PRODUCT = YES;
			};
			name = Release;
		};
		5EF2F9B02054BBF300191409 /* Debug */ = {
			isa = XCBuildConfiguration;
			buildSettings = {
				CODE_SIGN_IDENTITY = "";
				CODE_SIGN_STYLE = Manual;
				GCC_DYNAMIC_NO_PIC = NO;
				OTHER_LDFLAGS = "-ObjC";
				PRODUCT_NAME = "$(TARGET_NAME)";
				SKIP_INSTALL = YES;
				SWIFT_OBJC_INTERFACE_HEADER_NAME = "";
			};
			name = Debug;
		};
		5EF2F9B12054BBF300191409 /* Release */ = {
			isa = XCBuildConfiguration;
			buildSettings = {
				CODE_SIGN_IDENTITY = "";
				CODE_SIGN_STYLE = Manual;
				OTHER_LDFLAGS = "-ObjC";
				PRODUCT_NAME = "$(TARGET_NAME)";
				SKIP_INSTALL = YES;
				SWIFT_OBJC_INTERFACE_HEADER_NAME = "";
				VALIDATE_PRODUCT = YES;
			};
			name = Release;
		};
/* End XCBuildConfiguration section */

/* Begin XCConfigurationList section */
		5E086DC52051C5A7004D8D25 /* Build configuration list for PBXNativeTarget "PlaygroundBook" */ = {
			isa = XCConfigurationList;
			buildConfigurations = (
				5E086DC32051C5A7004D8D25 /* Debug */,
				5E086DC42051C5A7004D8D25 /* Release */,
			);
			defaultConfigurationIsVisible = 0;
			defaultConfigurationName = Release;
		};
		5E2A7AE0204F611300F4E17A /* Build configuration list for PBXProject "PlaygroundBook" */ = {
			isa = XCConfigurationList;
			buildConfigurations = (
				5E2A7AE1204F611300F4E17A /* Debug */,
				5E2A7AE2204F611300F4E17A /* Release */,
			);
			defaultConfigurationIsVisible = 0;
			defaultConfigurationName = Release;
		};
		5EA2E3CE2056F35B00416A35 /* Build configuration list for PBXNativeTarget "LiveViewTestApp" */ = {
			isa = XCConfigurationList;
			buildConfigurations = (
				5EA2E3CC2056F35B00416A35 /* Debug */,
				5EA2E3CD2056F35B00416A35 /* Release */,
			);
			defaultConfigurationIsVisible = 0;
			defaultConfigurationName = Release;
		};
		5EF2F9AF2054BBF300191409 /* Build configuration list for PBXNativeTarget "Book_Sources" */ = {
			isa = XCConfigurationList;
			buildConfigurations = (
				5EF2F9B02054BBF300191409 /* Debug */,
				5EF2F9B12054BBF300191409 /* Release */,
			);
			defaultConfigurationIsVisible = 0;
			defaultConfigurationName = Release;
		};
/* End XCConfigurationList section */
	};
	rootObject = 5E2A7ADD204F611300F4E17A /* Project object */;
}
